{
  "pins" : [
    {
      "identity" : "swiftuicoordinator",
      "kind" : "remoteSourceControl",
      "location" : "https://github.com/JeneaVranceanu/SwiftUICoordinator.git",
      "state" : {
        "branch" : "development",
        "revision" : "3afebbbdbad3d3d2402aa99f394f201f238b30a5"
      }
    }
  ],
  "version" : 2
}
