{
  "pins" : [
    {
      "identity" : "swiftuicoordinator",
      "kind" : "remoteSourceControl",
      "location" : "https://github.com/JeneaVranceanu/SwiftUICoordinator.git",
      "state" : {
        "branch" : "fix/destination-switch",
        "revision" : "8048130cb3373fcba52f38d5e13e190cf53e2159"
      }
    }
  ],
  "version" : 2
}
